
Microsoft Visual Studio Solution File, Format Version 12.00
# Visual Studio Version 17
VisualStudioVersion = 17.3.32901.215
MinimumVisualStudioVersion = 10.0.40219.1
Project("{FAE04EC0-301F-11D3-BF4B-00C04F79EFBC}") = "PayRoll", "PayRoll.csproj", "{622343AF-16BE-4FAD-853C-08A23D2A544B}"
EndProject
Global
	GlobalSection(SolutionConfigurationPlatforms) = preSolution
		Debug|Any CPU = Debug|Any CPU
		Release|Any CPU = Release|Any CPU
	EndGlobalSection
	GlobalSection(ProjectConfigurationPlatforms) = postSolution
		{622343AF-16BE-4FAD-853C-08A23D2A544B}.Debug|Any CPU.ActiveCfg = Debug|Any CPU
		{622343AF-16BE-4FAD-853C-08A23D2A544B}.Debug|Any CPU.Build.0 = Debug|Any CPU
		{622343AF-16BE-4FAD-853C-08A23D2A544B}.Release|Any CPU.ActiveCfg = Release|Any CPU
		{622343AF-16BE-4FAD-853C-08A23D2A544B}.Release|Any CPU.Build.0 = Release|Any CPU
	EndGlobalSection
	GlobalSection(SolutionProperties) = preSolution
		HideSolutionNode = FALSE
	EndGlobalSection
	GlobalSection(ExtensibilityGlobals) = postSolution
		SolutionGuid = {D754ED3B-A738-40A9-B149-4AC07593BF00}
	EndGlobalSection
EndGlobal
